// !$*UTF8*$!
{
	archiveVersion = 1;
	classes = {
	};
	objectVersion = 50;
	objects = {

/* Begin PBXBuildFile section */
		BE6F3FF522956F45001AA6FC /* AppDelegate.swift in Sources */ = {isa = PBXBuildFile; fileRef = BE6F3FF422956F45001AA6FC /* AppDelegate.swift */; };
		BE6F3FF722956F45001AA6FC /* GameScene.sks in Resources */ = {isa = PBXBuildFile; fileRef = BE6F3FF622956F45001AA6FC /* GameScene.sks */; };
		BE6F3FF922956F45001AA6FC /* Actions.sks in Resources */ = {isa = PBXBuildFile; fileRef = BE6F3FF822956F45001AA6FC /* Actions.sks */; };
		BE6F3FFB22956F45001AA6FC /* GameScene.swift in Sources */ = {isa = PBXBuildFile; fileRef = BE6F3FFA22956F45001AA6FC /* GameScene.swift */; };
		BE6F3FFD22956F45001AA6FC /* GameViewController.swift in Sources */ = {isa = PBXBuildFile; fileRef = BE6F3FFC22956F45001AA6FC /* GameViewController.swift */; };
		BE6F400022956F45001AA6FC /* Main.storyboard in Resources */ = {isa = PBXBuildFile; fileRef = BE6F3FFE22956F45001AA6FC /* Main.storyboard */; };
		BE6F400222956F45001AA6FC /* Assets.xcassets in Resources */ = {isa = PBXBuildFile; fileRef = BE6F400122956F45001AA6FC /* Assets.xcassets */; };
		BE6F400522956F45001AA6FC /* LaunchScreen.storyboard in Resources */ = {isa = PBXBuildFile; fileRef = BE6F400322956F45001AA6FC /* LaunchScreen.storyboard */; };
		BE8DCA4D22958F0A002C8EDB /* fortune cookies demo.ttf in Resources */ = {isa = PBXBuildFile; fileRef = BE8DCA4A22958CBE002C8EDB /* fortune cookies demo.ttf */; };
/* End PBXBuildFile section */

/* Begin PBXFileReference section */
		BE6F3FF122956F45001AA6FC /* Pong_2.app */ = {isa = PBXFileReference; explicitFileType = wrapper.application; includeInIndex = 0; path = Pong_2.app; sourceTree = BUILT_PRODUCTS_DIR; };
		BE6F3FF422956F45001AA6FC /* AppDelegate.swift */ = {isa = PBXFileReference; lastKnownFileType = sourcecode.swift; path = AppDelegate.swift; sourceTree = "<group>"; };
		BE6F3FF622956F45001AA6FC /* GameScene.sks */ = {isa = PBXFileReference; lastKnownFileType = file.sks; path = GameScene.sks; sourceTree = "<group>"; };
		BE6F3FF822956F45001AA6FC /* Actions.sks */ = {isa = PBXFileReference; lastKnownFileType = file.sks; path = Actions.sks; sourceTree = "<group>"; };
		BE6F3FFA22956F45001AA6FC /* GameScene.swift */ = {isa = PBXFileReference; lastKnownFileType = sourcecode.swift; path = GameScene.swift; sourceTree = "<group>"; };
		BE6F3FFC22956F45001AA6FC /* GameViewController.swift */ = {isa = PBXFileReference; lastKnownFileType = sourcecode.swift; path = GameViewController.swift; sourceTree = "<group>"; };
		BE6F3FFF22956F45001AA6FC /* Base */ = {isa = PBXFileReference; lastKnownFileType = file.storyboard; name = Base; path = Base.lproj/Main.storyboard; sourceTree = "<group>"; };
		BE6F400122956F45001AA6FC /* Assets.xcassets */ = {isa = PBXFileReference; lastKnownFileType = folder.assetcatalog; path = Assets.xcassets; sourceTree = "<group>"; };
		BE6F400422956F45001AA6FC /* Base */ = {isa = PBXFileReference; lastKnownFileType = file.storyboard; name = Base; path = Base.lproj/LaunchScreen.storyboard; sourceTree = "<group>"; };
		BE6F400622956F45001AA6FC /* Info.plist */ = {isa = PBXFileReference; lastKnownFileType = text.plist.xml; path = Info.plist; sourceTree = "<group>"; };
		BE8DCA4A22958CBE002C8EDB /* fortune cookies demo.ttf */ = {isa = PBXFileReference; lastKnownFileType = file; path = "fortune cookies demo.ttf"; sourceTree = "<group>"; };
/* End PBXFileReference section */

/* Begin PBXFrameworksBuildPhase section */
		BE6F3FEE22956F45001AA6FC /* Frameworks */ = {
			isa = PBXFrameworksBuildPhase;
			buildActionMask = 2147483647;
			files = (
			);
			runOnlyForDeploymentPostprocessing = 0;
		};
/* End PBXFrameworksBuildPhase section */

/* Begin PBXGroup section */
		BE6F3FE822956F45001AA6FC = {
			isa = PBXGroup;
			children = (
				BE6F3FF322956F45001AA6FC /* Pong_2 */,
				BE6F3FF222956F45001AA6FC /* Products */,
			);
			sourceTree = "<group>";
		};
		BE6F3FF222956F45001AA6FC /* Products */ = {
			isa = PBXGroup;
			children = (
				BE6F3FF122956F45001AA6FC /* Pong_2.app */,
			);
			name = Products;
			sourceTree = "<group>";
		};
		BE6F3FF322956F45001AA6FC /* Pong_2 */ = {
			isa = PBXGroup;
			children = (
				BE6F3FF422956F45001AA6FC /* AppDelegate.swift */,
				BE6F3FF622956F45001AA6FC /* GameScene.sks */,
				BE6F3FF822956F45001AA6FC /* Actions.sks */,
				BE6F3FFA22956F45001AA6FC /* GameScene.swift */,
				BE6F3FFC22956F45001AA6FC /* GameViewController.swift */,
				BE8DCA4A22958CBE002C8EDB /* fortune cookies demo.ttf */,
				BE6F3FFE22956F45001AA6FC /* Main.storyboard */,
				BE6F400122956F45001AA6FC /* Assets.xcassets */,
				BE6F400322956F45001AA6FC /* LaunchScreen.storyboard */,
				BE6F400622956F45001AA6FC /* Info.plist */,
			);
			path = Pong_2;
			sourceTree = "<group>";
		};
/* End PBXGroup section */

/* Begin PBXNativeTarget section */
		BE6F3FF022956F45001AA6FC /* Pong_2 */ = {
			isa = PBXNativeTarget;
			buildConfigurationList = BE6F400922956F45001AA6FC /* Build configuration list for PBXNativeTarget "Pong_2" */;
			buildPhases = (
				BE6F3FED22956F45001AA6FC /* Sources */,
				BE6F3FEE22956F45001AA6FC /* Frameworks */,
				BE6F3FEF22956F45001AA6FC /* Resources */,
			);
			buildRules = (
			);
			dependencies = (
			);
			name = Pong_2;
			productName = Pong_2;
			productReference = BE6F3FF122956F45001AA6FC /* Pong_2.app */;
			productType = "com.apple.product-type.application";
		};
/* End PBXNativeTarget section */

/* Begin PBXProject section */
		BE6F3FE922956F45001AA6FC /* Project object */ = {
			isa = PBXProject;
			attributes = {
				LastSwiftUpdateCheck = 1010;
				LastUpgradeCheck = 1010;
				ORGANIZATIONNAME = Blazej;
				TargetAttributes = {
					BE6F3FF022956F45001AA6FC = {
						CreatedOnToolsVersion = 10.1;
					};
				};
			};
			buildConfigurationList = BE6F3FEC22956F45001AA6FC /* Build configuration list for PBXProject "Pong_2" */;
			compatibilityVersion = "Xcode 9.3";
			developmentRegion = en;
			hasScannedForEncodings = 0;
			knownRegions = (
				en,
				Base,
			);
			mainGroup = BE6F3FE822956F45001AA6FC;
			productRefGroup = BE6F3FF222956F45001AA6FC /* Products */;
			projectDirPath = "";
			projectRoot = "";
			targets = (
				BE6F3FF022956F45001AA6FC /* Pong_2 */,
			);
		};
/* End PBXProject section */

/* Begin PBXResourcesBuildPhase section */
		BE6F3FEF22956F45001AA6FC /* Resources */ = {
			isa = PBXResourcesBuildPhase;
			buildActionMask = 2147483647;
			files = (
				BE6F400022956F45001AA6FC /* Main.storyboard in Resources */,
				BE8DCA4D22958F0A002C8EDB /* fortune cookies demo.ttf in Resources */,
				BE6F3FF722956F45001AA6FC /* GameScene.sks in Resources */,
				BE6F400222956F45001AA6FC /* Assets.xcassets in Resources */,
				BE6F400522956F45001AA6FC /* LaunchScreen.storyboard in Resources */,
				BE6F3FF922956F45001AA6FC /* Actions.sks in Resources */,
			);
			runOnlyForDeploymentPostprocessing = 0;
		};
/* End PBXResourcesBuildPhase section */

/* Begin PBXSourcesBuildPhase section */
		BE6F3FED22956F45001AA6FC /* Sources */ = {
			isa = PBXSourcesBuildPhase;
			buildActionMask = 2147483647;
			files = (
				BE6F3FFB22956F45001AA6FC /* GameScene.swift in Sources */,
				BE6F3FFD22956F45001AA6FC /* GameViewController.swift in Sources */,
				BE6F3FF522956F45001AA6FC /* AppDelegate.swift in Sources */,
			);
			runOnlyForDeploymentPostprocessing = 0;
		};
/* End PBXSourcesBuildPhase section */

/* Begin PBXVariantGroup section */
		BE6F3FFE22956F45001AA6FC /* Main.storyboard */ = {
			isa = PBXVariantGroup;
			children = (
				BE6F3FFF22956F45001AA6FC /* Base */,
			);
			name = Main.storyboard;
			sourceTree = "<group>";
		};
		BE6F400322956F45001AA6FC /* LaunchScreen.storyboard */ = {
			isa = PBXVariantGroup;
			children = (
				BE6F400422956F45001AA6FC /* Base */,
			);
			name = LaunchScreen.storyboard;
			sourceTree = "<group>";
		};
/* End PBXVariantGroup section */

/* Begin XCBuildConfiguration section */
		BE6F400722956F45001AA6FC /* Debug */ = {
			isa = XCBuildConfiguration;
			buildSettings = {
				ALWAYS_SEARCH_USER_PATHS = NO;
				CLANG_ANALYZER_NONNULL = YES;
				CLANG_ANALYZER_NUMBER_OBJECT_CONVERSION = YES_AGGRESSIVE;
				CLANG_CXX_LANGUAGE_STANDARD = "gnu++14";
				CLANG_CXX_LIBRARY = "libc++";
				CLANG_ENABLE_MODULES = YES;
				CLANG_ENABLE_OBJC_ARC = YES;
				CLANG_ENABLE_OBJC_WEAK = YES;
				CLANG_WARN_BLOCK_CAPTURE_AUTORELEASING = YES;
				CLANG_WARN_BOOL_CONVERSION = YES;
				CLANG_WARN_COMMA = YES;
				CLANG_WARN_CONSTANT_CONVERSION = YES;
				CLANG_WARN_DEPRECATED_OBJC_IMPLEMENTATIONS = YES;
				CLANG_WARN_DIRECT_OBJC_ISA_USAGE = YES_ERROR;
				CLANG_WARN_DOCUMENTATION_COMMENTS = YES;
				CLANG_WARN_EMPTY_BODY = YES;
				CLANG_WARN_ENUM_CONVERSION = YES;
				CLANG_WARN_INFINITE_RECURSION = YES;
				CLANG_WARN_INT_CONVERSION = YES;
				CLANG_WARN_NON_LITERAL_NULL_CONVERSION = YES;
				CLANG_WARN_OBJC_IMPLICIT_RETAIN_SELF = YES;
				CLANG_WARN_OBJC_LITERAL_CONVERSION = YES;
				CLANG_WARN_OBJC_ROOT_CLASS = YES_ERROR;
				CLANG_WARN_RANGE_LOOP_ANALYSIS = YES;
				CLANG_WARN_STRICT_PROTOTYPES = YES;
				CLANG_WARN_SUSPICIOUS_MOVE = YES;
				CLANG_WARN_UNGUARDED_AVAILABILITY = YES_AGGRESSIVE;
				CLANG_WARN_UNREACHABLE_CODE = YES;
				CLANG_WARN__DUPLICATE_METHOD_MATCH = YES;
				CODE_SIGN_IDENTITY = "iPhone Developer";
				COPY_PHASE_STRIP = NO;
				DEBUG_INFORMATION_FORMAT = dwarf;
				ENABLE_STRICT_OBJC_MSGSEND = YES;
				ENABLE_TESTABILITY = YES;
				GCC_C_LANGUAGE_STANDARD = gnu11;
				GCC_DYNAMIC_NO_PIC = NO;
				GCC_NO_COMMON_BLOCKS = YES;
				GCC_OPTIMIZATION_LEVEL = 0;
				GCC_PREPROCESSOR_DEFINITIONS = (
					"DEBUG=1",
					"$(inherited)",
				);
				GCC_WARN_64_TO_32_BIT_CONVERSION = YES;
				GCC_WARN_ABOUT_RETURN_TYPE = YES_ERROR;
				GCC_WARN_UNDECLARED_SELECTOR = YES;
				GCC_WARN_UNINITIALIZED_AUTOS = YES_AGGRESSIVE;
				GCC_WARN_UNUSED_FUNCTION = YES;
				GCC_WARN_UNUSED_VARIABLE = YES;
				IPHONEOS_DEPLOYMENT_TARGET = 12.1;
				MTL_ENABLE_DEBUG_INFO = INCLUDE_SOURCE;
				MTL_FAST_MATH = YES;
				ONLY_ACTIVE_ARCH = YES;
				SDKROOT = iphoneos;
				SWIFT_ACTIVE_COMPILATION_CONDITIONS = DEBUG;
				SWIFT_OPTIMIZATION_LEVEL = "-Onone";
			};
			name = Debug;
		};
		BE6F400822956F45001AA6FC /* Release */ = {
			isa = XCBuildConfiguration;
			buildSettings = {
				ALWAYS_SEARCH_USER_PATHS = NO;
				CLANG_ANALYZER_NONNULL = YES;
				CLANG_ANALYZER_NUMBER_OBJECT_CONVERSION = YES_AGGRESSIVE;
				CLANG_CXX_LANGUAGE_STANDARD = "gnu++14";
				CLANG_CXX_LIBRARY = "libc++";
				CLANG_ENABLE_MODULES = YES;
				CLANG_ENABLE_OBJC_ARC = YES;
				CLANG_ENABLE_OBJC_WEAK = YES;
				CLANG_WARN_BLOCK_CAPTURE_AUTORELEASING = YES;
				CLANG_WARN_BOOL_CONVERSION = YES;
				CLANG_WARN_COMMA = YES;
				CLANG_WARN_CONSTANT_CONVERSION = YES;
				CLANG_WARN_DEPRECATED_OBJC_IMPLEMENTATIONS = YES;
				CLANG_WARN_DIRECT_OBJC_ISA_USAGE = YES_ERROR;
				CLANG_WARN_DOCUMENTATION_COMMENTS = YES;
				CLANG_WARN_EMPTY_BODY = YES;
				CLANG_WARN_ENUM_CONVERSION = YES;
				CLANG_WARN_INFINITE_RECURSION = YES;
				CLANG_WARN_INT_CONVERSION = YES;
				CLANG_WARN_NON_LITERAL_NULL_CONVERSION = YES;
				CLANG_WARN_OBJC_IMPLICIT_RETAIN_SELF = YES;
				CLANG_WARN_OBJC_LITERAL_CONVERSION = YES;
				CLANG_WARN_OBJC_ROOT_CLASS = YES_ERROR;
				CLANG_WARN_RANGE_LOOP_ANALYSIS = YES;
				CLANG_WARN_STRICT_PROTOTYPES = YES;
				CLANG_WARN_SUSPICIOUS_MOVE = YES;
				CLANG_WARN_UNGUARDED_AVAILABILITY = YES_AGGRESSIVE;
				CLANG_WARN_UNREACHABLE_CODE = YES;
				CLANG_WARN__DUPLICATE_METHOD_MATCH = YES;
				CODE_SIGN_IDENTITY = "iPhone Developer";
				COPY_PHASE_STRIP = NO;
				DEBUG_INFORMATION_FORMAT = "dwarf-with-dsym";
				ENABLE_NS_ASSERTIONS = NO;
				ENABLE_STRICT_OBJC_MSGSEND = YES;
				GCC_C_LANGUAGE_STANDARD = gnu11;
				GCC_NO_COMMON_BLOCKS = YES;
				GCC_WARN_64_TO_32_BIT_CONVERSION = YES;
				GCC_WARN_ABOUT_RETURN_TYPE = YES_ERROR;
				GCC_WARN_UNDECLARED_SELECTOR = YES;
				GCC_WARN_UNINITIALIZED_AUTOS = YES_AGGRESSIVE;
				GCC_WARN_UNUSED_FUNCTION = YES;
				GCC_WARN_UNUSED_VARIABLE = YES;
				IPHONEOS_DEPLOYMENT_TARGET = 12.1;
				MTL_ENABLE_DEBUG_INFO = NO;
				MTL_FAST_MATH = YES;
				SDKROOT = iphoneos;
				SWIFT_COMPILATION_MODE = wholemodule;
				SWIFT_OPTIMIZATION_LEVEL = "-O";
				VALIDATE_PRODUCT = YES;
			};
			name = Release;
		};
		BE6F400A22956F45001AA6FC /* Debug */ = {
			isa = XCBuildConfiguration;
			buildSettings = {
				ASSETCATALOG_COMPILER_APPICON_NAME = AppIcon;
				CODE_SIGN_STYLE = Automatic;
				DEVELOPMENT_TEAM = 7YQQVWH758;
				INFOPLIST_FILE = Pong_2/Info.plist;
				LD_RUNPATH_SEARCH_PATHS = (
					"$(inherited)",
					"@executable_path/Frameworks",
				);
				PRODUCT_BUNDLE_IDENTIFIER = "blazej.Pong-2";
				PRODUCT_NAME = "$(TARGET_NAME)";
				SWIFT_VERSION = 4.2;
				TARGETED_DEVICE_FAMILY = "1,2";
			};
			name = Debug;
		};
		BE6F400B22956F45001AA6FC /* Release */ = {
			isa = XCBuildConfiguration;
			buildSettings = {
				ASSETCATALOG_COMPILER_APPICON_NAME = AppIcon;
				CODE_SIGN_STYLE = Automatic;
				DEVELOPMENT_TEAM = 7YQQVWH758;
				INFOPLIST_FILE = Pong_2/Info.plist;
				LD_RUNPATH_SEARCH_PATHS = (
					"$(inherited)",
					"@executable_path/Frameworks",
				);
				PRODUCT_BUNDLE_IDENTIFIER = "blazej.Pong-2";
				PRODUCT_NAME = "$(TARGET_NAME)";
				SWIFT_VERSION = 4.2;
				TARGETED_DEVICE_FAMILY = "1,2";
			};
			name = Release;
		};
/* End XCBuildConfiguration section */

/* Begin XCConfigurationList section */
		BE6F3FEC22956F45001AA6FC /* Build configuration list for PBXProject "Pong_2" */ = {
			isa = XCConfigurationList;
			buildConfigurations = (
				BE6F400722956F45001AA6FC /* Debug */,
				BE6F400822956F45001AA6FC /* Release */,
			);
			defaultConfigurationIsVisible = 0;
			defaultConfigurationName = Release;
		};
		BE6F400922956F45001AA6FC /* Build configuration list for PBXNativeTarget "Pong_2" */ = {
			isa = XCConfigurationList;
			buildConfigurations = (
				BE6F400A22956F45001AA6FC /* Debug */,
				BE6F400B22956F45001AA6FC /* Release */,
			);
			defaultConfigurationIsVisible = 0;
			defaultConfigurationName = Release;
		};
/* End XCConfigurationList section */
	};
	rootObject = BE6F3FE922956F45001AA6FC /* Project object */;
}
